
Microsoft Visual Studio Solution File, Format Version 12.00
# Visual Studio Version 16
VisualStudioVersion = 16.0.30001.183
MinimumVisualStudioVersion = 10.0.40219.1
Project("{9A19103F-16F7-4668-BE54-9A1E7A4F7556}") = "LightImage.Packing", "LightImage.Packing\LightImage.Packing.csproj", "{1C57D867-0D63-44D9-B616-775D3AE0348D}"
EndProject
Project("{9A19103F-16F7-4668-BE54-9A1E7A4F7556}") = "LightImage.Packing.WPF", "LightImage.Packing.WPF\LightImage.Packing.WPF.csproj", "{D75A264E-916F-4BDC-85D8-799BA1ED2C27}"
EndProject
Global
	GlobalSection(SolutionConfigurationPlatforms) = preSolution
		Debug|Any CPU = Debug|Any CPU
		Release|Any CPU = Release|Any CPU
	EndGlobalSection
	GlobalSection(ProjectConfigurationPlatforms) = postSolution
		{1C57D867-0D63-44D9-B616-775D3AE0348D}.Debug|Any CPU.ActiveCfg = Debug|Any CPU
		{1C57D867-0D63-44D9-B616-775D3AE0348D}.Debug|Any CPU.Build.0 = Debug|Any CPU
		{1C57D867-0D63-44D9-B616-775D3AE0348D}.Release|Any CPU.ActiveCfg = Release|Any CPU
		{1C57D867-0D63-44D9-B616-775D3AE0348D}.Release|Any CPU.Build.0 = Release|Any CPU
		{D75A264E-916F-4BDC-85D8-799BA1ED2C27}.Debug|Any CPU.ActiveCfg = Debug|Any CPU
		{D75A264E-916F-4BDC-85D8-799BA1ED2C27}.Debug|Any CPU.Build.0 = Debug|Any CPU
		{D75A264E-916F-4BDC-85D8-799BA1ED2C27}.Release|Any CPU.ActiveCfg = Release|Any CPU
		{D75A264E-916F-4BDC-85D8-799BA1ED2C27}.Release|Any CPU.Build.0 = Release|Any CPU
	EndGlobalSection
	GlobalSection(SolutionProperties) = preSolution
		HideSolutionNode = FALSE
	EndGlobalSection
	GlobalSection(ExtensibilityGlobals) = postSolution
		SolutionGuid = {E14AE00B-E5E1-42AF-90D3-6E85E96D3181}
	EndGlobalSection
EndGlobal
